
Microsoft Visual Studio Solution File, Format Version 12.00
# Visual Studio Version 17
VisualStudioVersion = 17.8.34330.188
MinimumVisualStudioVersion = 10.0.40219.1
Project("{2150E333-8FDC-42A3-9474-1A3956D46DE8}") = "Data", "Data", "{7600EB78-37E6-4D9D-93E0-76917D36E7BE}"
EndProject
Project("{9A19103F-16F7-4668-BE54-9A1E7A4F7556}") = "CommonData", "Data\CommonData\CommonData.csproj", "{83A44253-6EE1-4AC9-8DA3-E057B4D7496C}"
EndProject
Project("{9A19103F-16F7-4668-BE54-9A1E7A4F7556}") = "BaseData", "Data\BaseData\BaseData.csproj", "{D9327DFC-4944-4D47-A422-274B7D625A0B}"
EndProject
Project("{9A19103F-16F7-4668-BE54-9A1E7A4F7556}") = "BaseMSSqlProvider", "Data\BaseMSSqlProvider\BaseMSSqlProvider.csproj", "{76ED522F-5B6D-46EC-A653-F80754370486}"
EndProject
Project("{2150E333-8FDC-42A3-9474-1A3956D46DE8}") = "Tests", "Tests", "{70764987-86E2-4CD3-A554-056964BA4E4F}"
EndProject
Project("{9A19103F-16F7-4668-BE54-9A1E7A4F7556}") = "Core.Tests", "Tests\TestCore\Core.Tests.csproj", "{C884B3FD-1B09-464A-94EE-3D51122F4136}"
EndProject
Project("{9A19103F-16F7-4668-BE54-9A1E7A4F7556}") = "Windows.Tests", "Tests\TestWindows\Windows.Tests.csproj", "{251CDB6D-8492-48A8-9539-570D9EEAA2F9}"
EndProject
Project("{9A19103F-16F7-4668-BE54-9A1E7A4F7556}") = "CommonUtils", "CommonUtils\CommonUtils.csproj", "{3E47A46B-B0ED-4515-8B79-25F7F8540800}"
EndProject
Project("{9A19103F-16F7-4668-BE54-9A1E7A4F7556}") = "CommonForms", "CommonForms\CommonForms.csproj", "{E4ABA06E-2F8C-4507-BEA0-D4CBEBD3490B}"
EndProject
Global
	GlobalSection(SolutionConfigurationPlatforms) = preSolution
		Debug|Any CPU = Debug|Any CPU
		Release|Any CPU = Release|Any CPU
	EndGlobalSection
	GlobalSection(ProjectConfigurationPlatforms) = postSolution
		{83A44253-6EE1-4AC9-8DA3-E057B4D7496C}.Debug|Any CPU.ActiveCfg = Debug|Any CPU
		{83A44253-6EE1-4AC9-8DA3-E057B4D7496C}.Debug|Any CPU.Build.0 = Debug|Any CPU
		{83A44253-6EE1-4AC9-8DA3-E057B4D7496C}.Release|Any CPU.ActiveCfg = Release|Any CPU
		{83A44253-6EE1-4AC9-8DA3-E057B4D7496C}.Release|Any CPU.Build.0 = Release|Any CPU
		{D9327DFC-4944-4D47-A422-274B7D625A0B}.Debug|Any CPU.ActiveCfg = Debug|Any CPU
		{D9327DFC-4944-4D47-A422-274B7D625A0B}.Debug|Any CPU.Build.0 = Debug|Any CPU
		{D9327DFC-4944-4D47-A422-274B7D625A0B}.Release|Any CPU.ActiveCfg = Release|Any CPU
		{D9327DFC-4944-4D47-A422-274B7D625A0B}.Release|Any CPU.Build.0 = Release|Any CPU
		{76ED522F-5B6D-46EC-A653-F80754370486}.Debug|Any CPU.ActiveCfg = Debug|Any CPU
		{76ED522F-5B6D-46EC-A653-F80754370486}.Debug|Any CPU.Build.0 = Debug|Any CPU
		{76ED522F-5B6D-46EC-A653-F80754370486}.Release|Any CPU.ActiveCfg = Release|Any CPU
		{76ED522F-5B6D-46EC-A653-F80754370486}.Release|Any CPU.Build.0 = Release|Any CPU
		{C884B3FD-1B09-464A-94EE-3D51122F4136}.Debug|Any CPU.ActiveCfg = Debug|Any CPU
		{C884B3FD-1B09-464A-94EE-3D51122F4136}.Debug|Any CPU.Build.0 = Debug|Any CPU
		{C884B3FD-1B09-464A-94EE-3D51122F4136}.Release|Any CPU.ActiveCfg = Release|Any CPU
		{C884B3FD-1B09-464A-94EE-3D51122F4136}.Release|Any CPU.Build.0 = Release|Any CPU
		{251CDB6D-8492-48A8-9539-570D9EEAA2F9}.Debug|Any CPU.ActiveCfg = Debug|Any CPU
		{251CDB6D-8492-48A8-9539-570D9EEAA2F9}.Debug|Any CPU.Build.0 = Debug|Any CPU
		{251CDB6D-8492-48A8-9539-570D9EEAA2F9}.Release|Any CPU.ActiveCfg = Release|Any CPU
		{251CDB6D-8492-48A8-9539-570D9EEAA2F9}.Release|Any CPU.Build.0 = Release|Any CPU
		{3E47A46B-B0ED-4515-8B79-25F7F8540800}.Debug|Any CPU.ActiveCfg = Debug|Any CPU
		{3E47A46B-B0ED-4515-8B79-25F7F8540800}.Debug|Any CPU.Build.0 = Debug|Any CPU
		{3E47A46B-B0ED-4515-8B79-25F7F8540800}.Release|Any CPU.ActiveCfg = Release|Any CPU
		{3E47A46B-B0ED-4515-8B79-25F7F8540800}.Release|Any CPU.Build.0 = Release|Any CPU
		{E4ABA06E-2F8C-4507-BEA0-D4CBEBD3490B}.Debug|Any CPU.ActiveCfg = Debug|Any CPU
		{E4ABA06E-2F8C-4507-BEA0-D4CBEBD3490B}.Debug|Any CPU.Build.0 = Debug|Any CPU
		{E4ABA06E-2F8C-4507-BEA0-D4CBEBD3490B}.Release|Any CPU.ActiveCfg = Release|Any CPU
		{E4ABA06E-2F8C-4507-BEA0-D4CBEBD3490B}.Release|Any CPU.Build.0 = Release|Any CPU
	EndGlobalSection
	GlobalSection(SolutionProperties) = preSolution
		HideSolutionNode = FALSE
	EndGlobalSection
	GlobalSection(NestedProjects) = preSolution
		{83A44253-6EE1-4AC9-8DA3-E057B4D7496C} = {7600EB78-37E6-4D9D-93E0-76917D36E7BE}
		{D9327DFC-4944-4D47-A422-274B7D625A0B} = {7600EB78-37E6-4D9D-93E0-76917D36E7BE}
		{76ED522F-5B6D-46EC-A653-F80754370486} = {7600EB78-37E6-4D9D-93E0-76917D36E7BE}
		{C884B3FD-1B09-464A-94EE-3D51122F4136} = {70764987-86E2-4CD3-A554-056964BA4E4F}
		{251CDB6D-8492-48A8-9539-570D9EEAA2F9} = {70764987-86E2-4CD3-A554-056964BA4E4F}
	EndGlobalSection
	GlobalSection(ExtensibilityGlobals) = postSolution
		SolutionGuid = {801573EE-1DB2-4E63-A899-537FE112A2E7}
	EndGlobalSection
EndGlobal
